// !$*UTF8*$!
{
	archiveVersion = 1;
	classes = {
	};
	objectVersion = 48;
	objects = {

/* Begin PBXBuildFile section */
		043E41941FCA40D5002A401A /* AppDelegate.m in Sources */ = {isa = PBXBuildFile; fileRef = 043E41931FCA40D5002A401A /* AppDelegate.m */; };
		043E419A1FCA40D5002A401A /* Main.storyboard in Resources */ = {isa = PBXBuildFile; fileRef = 043E41981FCA40D5002A401A /* Main.storyboard */; };
		043E419D1FCA40D5002A401A /* CookieCrush.xcdatamodeld in Sources */ = {isa = PBXBuildFile; fileRef = 043E419B1FCA40D5002A401A /* CookieCrush.xcdatamodeld */; };
		043E419F1FCA40D5002A401A /* Assets.xcassets in Resources */ = {isa = PBXBuildFile; fileRef = 043E419E1FCA40D5002A401A /* Assets.xcassets */; };
		043E41A21FCA40D5002A401A /* LaunchScreen.storyboard in Resources */ = {isa = PBXBuildFile; fileRef = 043E41A01FCA40D5002A401A /* LaunchScreen.storyboard */; };
		043E41A51FCA40D5002A401A /* main.m in Sources */ = {isa = PBXBuildFile; fileRef = 043E41A41FCA40D5002A401A /* main.m */; };
		043E41B71FCA4264002A401A /* Cookie.m in Sources */ = {isa = PBXBuildFile; fileRef = 043E41B61FCA4264002A401A /* Cookie.m */; };
		043E41BD1FCA4BD1002A401A /* StoreManager.m in Sources */ = {isa = PBXBuildFile; fileRef = 043E41BC1FCA4BD1002A401A /* StoreManager.m */; };
		043E41C11FCA50BB002A401A /* StoreViewController.m in Sources */ = {isa = PBXBuildFile; fileRef = 043E41C01FCA50BB002A401A /* StoreViewController.m */; };
		043E41C41FCA692E002A401A /* APIService.m in Sources */ = {isa = PBXBuildFile; fileRef = 043E41C31FCA692E002A401A /* APIService.m */; };
		043E41CC1FCB3930002A401A /* CookieCollectionViewCell.m in Sources */ = {isa = PBXBuildFile; fileRef = 043E41CA1FCB3930002A401A /* CookieCollectionViewCell.m */; };
		043E41CD1FCB3930002A401A /* CookieCollectionViewCell.xib in Resources */ = {isa = PBXBuildFile; fileRef = 043E41CB1FCB3930002A401A /* CookieCollectionViewCell.xib */; };
		0467575D1FCCE1170081C2B4 /* CoreDataManager.m in Sources */ = {isa = PBXBuildFile; fileRef = 0467575C1FCCE1170081C2B4 /* CoreDataManager.m */; };
		049377E11FCB7A4B00E486BA /* cookies&milk-regular.ttf in Resources */ = {isa = PBXBuildFile; fileRef = 049377E01FCB7A4A00E486BA /* cookies&milk-regular.ttf */; };
		049377E41FCB7ECB00E486BA /* GlobalCache.m in Sources */ = {isa = PBXBuildFile; fileRef = 049377E31FCB7ECB00E486BA /* GlobalCache.m */; };
/* End PBXBuildFile section */

/* Begin PBXFileReference section */
		043E418F1FCA40D5002A401A /* CookieCrush.app */ = {isa = PBXFileReference; explicitFileType = wrapper.application; includeInIndex = 0; path = CookieCrush.app; sourceTree = BUILT_PRODUCTS_DIR; };
		043E41921FCA40D5002A401A /* AppDelegate.h */ = {isa = PBXFileReference; lastKnownFileType = sourcecode.c.h; path = AppDelegate.h; sourceTree = "<group>"; };
		043E41931FCA40D5002A401A /* AppDelegate.m */ = {isa = PBXFileReference; lastKnownFileType = sourcecode.c.objc; path = AppDelegate.m; sourceTree = "<group>"; };
		043E41991FCA40D5002A401A /* Base */ = {isa = PBXFileReference; lastKnownFileType = file.storyboard; name = Base; path = Base.lproj/Main.storyboard; sourceTree = "<group>"; };
		043E419C1FCA40D5002A401A /* CookieCrush.xcdatamodel */ = {isa = PBXFileReference; lastKnownFileType = wrapper.xcdatamodel; path = CookieCrush.xcdatamodel; sourceTree = "<group>"; };
		043E419E1FCA40D5002A401A /* Assets.xcassets */ = {isa = PBXFileReference; lastKnownFileType = folder.assetcatalog; path = Assets.xcassets; sourceTree = "<group>"; };
		043E41A11FCA40D5002A401A /* Base */ = {isa = PBXFileReference; lastKnownFileType = file.storyboard; name = Base; path = Base.lproj/LaunchScreen.storyboard; sourceTree = "<group>"; };
		043E41A31FCA40D5002A401A /* Info.plist */ = {isa = PBXFileReference; lastKnownFileType = text.plist.xml; path = Info.plist; sourceTree = "<group>"; };
		043E41A41FCA40D5002A401A /* main.m */ = {isa = PBXFileReference; lastKnownFileType = sourcecode.c.objc; path = main.m; sourceTree = "<group>"; };
		043E41B51FCA4264002A401A /* Cookie.h */ = {isa = PBXFileReference; lastKnownFileType = sourcecode.c.h; path = Cookie.h; sourceTree = "<group>"; };
		043E41B61FCA4264002A401A /* Cookie.m */ = {isa = PBXFileReference; lastKnownFileType = sourcecode.c.objc; path = Cookie.m; sourceTree = "<group>"; };
		043E41BB1FCA4BD1002A401A /* StoreManager.h */ = {isa = PBXFileReference; lastKnownFileType = sourcecode.c.h; path = StoreManager.h; sourceTree = "<group>"; };
		043E41BC1FCA4BD1002A401A /* StoreManager.m */ = {isa = PBXFileReference; lastKnownFileType = sourcecode.c.objc; path = StoreManager.m; sourceTree = "<group>"; };
		043E41BF1FCA50BB002A401A /* StoreViewController.h */ = {isa = PBXFileReference; lastKnownFileType = sourcecode.c.h; path = StoreViewController.h; sourceTree = "<group>"; };
		043E41C01FCA50BB002A401A /* StoreViewController.m */ = {isa = PBXFileReference; lastKnownFileType = sourcecode.c.objc; path = StoreViewController.m; sourceTree = "<group>"; };
		043E41C21FCA692E002A401A /* APIService.h */ = {isa = PBXFileReference; lastKnownFileType = sourcecode.c.h; path = APIService.h; sourceTree = "<group>"; };
		043E41C31FCA692E002A401A /* APIService.m */ = {isa = PBXFileReference; lastKnownFileType = sourcecode.c.objc; path = APIService.m; sourceTree = "<group>"; };
		043E41C91FCB3930002A401A /* CookieCollectionViewCell.h */ = {isa = PBXFileReference; lastKnownFileType = sourcecode.c.h; path = CookieCollectionViewCell.h; sourceTree = "<group>"; };
		043E41CA1FCB3930002A401A /* CookieCollectionViewCell.m */ = {isa = PBXFileReference; lastKnownFileType = sourcecode.c.objc; path = CookieCollectionViewCell.m; sourceTree = "<group>"; };
		043E41CB1FCB3930002A401A /* CookieCollectionViewCell.xib */ = {isa = PBXFileReference; lastKnownFileType = file.xib; path = CookieCollectionViewCell.xib; sourceTree = "<group>"; };
		0467575B1FCCE1170081C2B4 /* CoreDataManager.h */ = {isa = PBXFileReference; lastKnownFileType = sourcecode.c.h; path = CoreDataManager.h; sourceTree = "<group>"; };
		0467575C1FCCE1170081C2B4 /* CoreDataManager.m */ = {isa = PBXFileReference; lastKnownFileType = sourcecode.c.objc; path = CoreDataManager.m; sourceTree = "<group>"; };
		049377E01FCB7A4A00E486BA /* cookies&milk-regular.ttf */ = {isa = PBXFileReference; lastKnownFileType = file; path = "cookies&milk-regular.ttf"; sourceTree = "<group>"; };
		049377E21FCB7ECB00E486BA /* GlobalCache.h */ = {isa = PBXFileReference; lastKnownFileType = sourcecode.c.h; path = GlobalCache.h; sourceTree = "<group>"; };
		049377E31FCB7ECB00E486BA /* GlobalCache.m */ = {isa = PBXFileReference; lastKnownFileType = sourcecode.c.objc; path = GlobalCache.m; sourceTree = "<group>"; };
/* End PBXFileReference section */

/* Begin PBXFrameworksBuildPhase section */
		043E418C1FCA40D5002A401A /* Frameworks */ = {
			isa = PBXFrameworksBuildPhase;
			buildActionMask = 2147483647;
			files = (
			);
			runOnlyForDeploymentPostprocessing = 0;
		};
/* End PBXFrameworksBuildPhase section */

/* Begin PBXGroup section */
		043E41861FCA40D5002A401A = {
			isa = PBXGroup;
			children = (
				043E41911FCA40D5002A401A /* CookieCrush */,
				043E41901FCA40D5002A401A /* Products */,
			);
			sourceTree = "<group>";
		};
		043E41901FCA40D5002A401A /* Products */ = {
			isa = PBXGroup;
			children = (
				043E418F1FCA40D5002A401A /* CookieCrush.app */,
			);
			name = Products;
			sourceTree = "<group>";
		};
		043E41911FCA40D5002A401A /* CookieCrush */ = {
			isa = PBXGroup;
			children = (
				043E41AB1FCA40E0002A401A /* Model */,
				043E41BE1FCA5087002A401A /* View */,
				043E41C51FCB2D2B002A401A /* ViewModel */,
				043E41AF1FCA4140002A401A /* Services */,
				043E41CE1FCB3CE5002A401A /* Resources */,
				043E41CF1FCB3D34002A401A /* Application */,
			);
			path = CookieCrush;
			sourceTree = "<group>";
		};
		043E41AB1FCA40E0002A401A /* Model */ = {
			isa = PBXGroup;
			children = (
				043E41B51FCA4264002A401A /* Cookie.h */,
				043E41B61FCA4264002A401A /* Cookie.m */,
			);
			path = Model;
			sourceTree = "<group>";
		};
		043E41AF1FCA4140002A401A /* Services */ = {
			isa = PBXGroup;
			children = (
				043E41C21FCA692E002A401A /* APIService.h */,
				043E41C31FCA692E002A401A /* APIService.m */,
				049377E21FCB7ECB00E486BA /* GlobalCache.h */,
				049377E31FCB7ECB00E486BA /* GlobalCache.m */,
				0467575B1FCCE1170081C2B4 /* CoreDataManager.h */,
				0467575C1FCCE1170081C2B4 /* CoreDataManager.m */,
			);
			path = Services;
			sourceTree = "<group>";
		};
		043E41BE1FCA5087002A401A /* View */ = {
			isa = PBXGroup;
			children = (
				043E41BF1FCA50BB002A401A /* StoreViewController.h */,
				043E41C01FCA50BB002A401A /* StoreViewController.m */,
				043E41981FCA40D5002A401A /* Main.storyboard */,
				0460A24F1FCB53F300048F52 /* Cells */,
			);
			path = View;
			sourceTree = "<group>";
		};
		043E41C51FCB2D2B002A401A /* ViewModel */ = {
			isa = PBXGroup;
			children = (
				043E41BB1FCA4BD1002A401A /* StoreManager.h */,
				043E41BC1FCA4BD1002A401A /* StoreManager.m */,
			);
			path = ViewModel;
			sourceTree = "<group>";
		};
		043E41CE1FCB3CE5002A401A /* Resources */ = {
			isa = PBXGroup;
			children = (
				0467575E1FCCECBC0081C2B4 /* Fonts */,
				043E419E1FCA40D5002A401A /* Assets.xcassets */,
				043E41A01FCA40D5002A401A /* LaunchScreen.storyboard */,
				043E41A31FCA40D5002A401A /* Info.plist */,
				043E419B1FCA40D5002A401A /* CookieCrush.xcdatamodeld */,
			);
			name = Resources;
			sourceTree = "<group>";
		};
		043E41CF1FCB3D34002A401A /* Application */ = {
			isa = PBXGroup;
			children = (
				043E41921FCA40D5002A401A /* AppDelegate.h */,
				043E41931FCA40D5002A401A /* AppDelegate.m */,
				043E41A41FCA40D5002A401A /* main.m */,
			);
			name = Application;
			sourceTree = "<group>";
		};
		0460A24F1FCB53F300048F52 /* Cells */ = {
			isa = PBXGroup;
			children = (
				043E41C91FCB3930002A401A /* CookieCollectionViewCell.h */,
				043E41CA1FCB3930002A401A /* CookieCollectionViewCell.m */,
				043E41CB1FCB3930002A401A /* CookieCollectionViewCell.xib */,
			);
			name = Cells;
			sourceTree = "<group>";
		};
		0467575E1FCCECBC0081C2B4 /* Fonts */ = {
			isa = PBXGroup;
			children = (
				049377E01FCB7A4A00E486BA /* cookies&milk-regular.ttf */,
			);
			name = Fonts;
			sourceTree = "<group>";
		};
/* End PBXGroup section */

/* Begin PBXNativeTarget section */
		043E418E1FCA40D5002A401A /* CookieCrush */ = {
			isa = PBXNativeTarget;
			buildConfigurationList = 043E41A81FCA40D5002A401A /* Build configuration list for PBXNativeTarget "CookieCrush" */;
			buildPhases = (
				043E418B1FCA40D5002A401A /* Sources */,
				043E418C1FCA40D5002A401A /* Frameworks */,
				043E418D1FCA40D5002A401A /* Resources */,
			);
			buildRules = (
			);
			dependencies = (
			);
			name = CookieCrush;
			productName = CookieCrush;
			productReference = 043E418F1FCA40D5002A401A /* CookieCrush.app */;
			productType = "com.apple.product-type.application";
		};
/* End PBXNativeTarget section */

/* Begin PBXProject section */
		043E41871FCA40D5002A401A /* Project object */ = {
			isa = PBXProject;
			attributes = {
				LastUpgradeCheck = 0900;
				ORGANIZATIONNAME = "Mobile Apps Company";
				TargetAttributes = {
					043E418E1FCA40D5002A401A = {
						CreatedOnToolsVersion = 9.0.1;
						LastSwiftMigration = 0900;
						ProvisioningStyle = Automatic;
					};
				};
			};
			buildConfigurationList = 043E418A1FCA40D5002A401A /* Build configuration list for PBXProject "CookieCrush" */;
			compatibilityVersion = "Xcode 8.0";
			developmentRegion = en;
			hasScannedForEncodings = 0;
			knownRegions = (
				en,
				Base,
			);
			mainGroup = 043E41861FCA40D5002A401A;
			productRefGroup = 043E41901FCA40D5002A401A /* Products */;
			projectDirPath = "";
			projectRoot = "";
			targets = (
				043E418E1FCA40D5002A401A /* CookieCrush */,
			);
		};
/* End PBXProject section */

/* Begin PBXResourcesBuildPhase section */
		043E418D1FCA40D5002A401A /* Resources */ = {
			isa = PBXResourcesBuildPhase;
			buildActionMask = 2147483647;
			files = (
				043E41A21FCA40D5002A401A /* LaunchScreen.storyboard in Resources */,
				043E419F1FCA40D5002A401A /* Assets.xcassets in Resources */,
				043E41CD1FCB3930002A401A /* CookieCollectionViewCell.xib in Resources */,
				043E419A1FCA40D5002A401A /* Main.storyboard in Resources */,
				049377E11FCB7A4B00E486BA /* cookies&milk-regular.ttf in Resources */,
			);
			runOnlyForDeploymentPostprocessing = 0;
		};
/* End PBXResourcesBuildPhase section */

/* Begin PBXSourcesBuildPhase section */
		043E418B1FCA40D5002A401A /* Sources */ = {
			isa = PBXSourcesBuildPhase;
			buildActionMask = 2147483647;
			files = (
				049377E41FCB7ECB00E486BA /* GlobalCache.m in Sources */,
				043E41BD1FCA4BD1002A401A /* StoreManager.m in Sources */,
				0467575D1FCCE1170081C2B4 /* CoreDataManager.m in Sources */,
				043E41CC1FCB3930002A401A /* CookieCollectionViewCell.m in Sources */,
				043E41C41FCA692E002A401A /* APIService.m in Sources */,
				043E419D1FCA40D5002A401A /* CookieCrush.xcdatamodeld in Sources */,
				043E41A51FCA40D5002A401A /* main.m in Sources */,
				043E41C11FCA50BB002A401A /* StoreViewController.m in Sources */,
				043E41941FCA40D5002A401A /* AppDelegate.m in Sources */,
				043E41B71FCA4264002A401A /* Cookie.m in Sources */,
			);
			runOnlyForDeploymentPostprocessing = 0;
		};
/* End PBXSourcesBuildPhase section */

/* Begin PBXVariantGroup section */
		043E41981FCA40D5002A401A /* Main.storyboard */ = {
			isa = PBXVariantGroup;
			children = (
				043E41991FCA40D5002A401A /* Base */,
			);
			name = Main.storyboard;
			sourceTree = "<group>";
		};
		043E41A01FCA40D5002A401A /* LaunchScreen.storyboard */ = {
			isa = PBXVariantGroup;
			children = (
				043E41A11FCA40D5002A401A /* Base */,
			);
			name = LaunchScreen.storyboard;
			sourceTree = "<group>";
		};
/* End PBXVariantGroup section */

/* Begin XCBuildConfiguration section */
		043E41A61FCA40D5002A401A /* Debug */ = {
			isa = XCBuildConfiguration;
			buildSettings = {
				ALWAYS_SEARCH_USER_PATHS = NO;
				CLANG_ANALYZER_NONNULL = YES;
				CLANG_ANALYZER_NUMBER_OBJECT_CONVERSION = YES_AGGRESSIVE;
				CLANG_CXX_LANGUAGE_STANDARD = "gnu++14";
				CLANG_CXX_LIBRARY = "libc++";
				CLANG_ENABLE_MODULES = YES;
				CLANG_ENABLE_OBJC_ARC = YES;
				CLANG_WARN_BLOCK_CAPTURE_AUTORELEASING = YES;
				CLANG_WARN_BOOL_CONVERSION = YES;
				CLANG_WARN_COMMA = YES;
				CLANG_WARN_CONSTANT_CONVERSION = YES;
				CLANG_WARN_DIRECT_OBJC_ISA_USAGE = YES_ERROR;
				CLANG_WARN_DOCUMENTATION_COMMENTS = YES;
				CLANG_WARN_EMPTY_BODY = YES;
				CLANG_WARN_ENUM_CONVERSION = YES;
				CLANG_WARN_INFINITE_RECURSION = YES;
				CLANG_WARN_INT_CONVERSION = YES;
				CLANG_WARN_NON_LITERAL_NULL_CONVERSION = YES;
				CLANG_WARN_OBJC_LITERAL_CONVERSION = YES;
				CLANG_WARN_OBJC_ROOT_CLASS = YES_ERROR;
				CLANG_WARN_RANGE_LOOP_ANALYSIS = YES;
				CLANG_WARN_STRICT_PROTOTYPES = YES;
				CLANG_WARN_SUSPICIOUS_MOVE = YES;
				CLANG_WARN_UNGUARDED_AVAILABILITY = YES_AGGRESSIVE;
				CLANG_WARN_UNREACHABLE_CODE = YES;
				CLANG_WARN__DUPLICATE_METHOD_MATCH = YES;
				CODE_SIGN_IDENTITY = "iPhone Developer";
				COPY_PHASE_STRIP = NO;
				DEBUG_INFORMATION_FORMAT = dwarf;
				ENABLE_STRICT_OBJC_MSGSEND = YES;
				ENABLE_TESTABILITY = YES;
				GCC_C_LANGUAGE_STANDARD = gnu11;
				GCC_DYNAMIC_NO_PIC = NO;
				GCC_NO_COMMON_BLOCKS = YES;
				GCC_OPTIMIZATION_LEVEL = 0;
				GCC_PREPROCESSOR_DEFINITIONS = (
					"DEBUG=1",
					"$(inherited)",
				);
				GCC_WARN_64_TO_32_BIT_CONVERSION = YES;
				GCC_WARN_ABOUT_RETURN_TYPE = YES_ERROR;
				GCC_WARN_UNDECLARED_SELECTOR = YES;
				GCC_WARN_UNINITIALIZED_AUTOS = YES_AGGRESSIVE;
				GCC_WARN_UNUSED_FUNCTION = YES;
				GCC_WARN_UNUSED_VARIABLE = YES;
				IPHONEOS_DEPLOYMENT_TARGET = 11.0;
				MTL_ENABLE_DEBUG_INFO = YES;
				ONLY_ACTIVE_ARCH = YES;
				SDKROOT = iphoneos;
			};
			name = Debug;
		};
		043E41A71FCA40D5002A401A /* Release */ = {
			isa = XCBuildConfiguration;
			buildSettings = {
				ALWAYS_SEARCH_USER_PATHS = NO;
				CLANG_ANALYZER_NONNULL = YES;
				CLANG_ANALYZER_NUMBER_OBJECT_CONVERSION = YES_AGGRESSIVE;
				CLANG_CXX_LANGUAGE_STANDARD = "gnu++14";
				CLANG_CXX_LIBRARY = "libc++";
				CLANG_ENABLE_MODULES = YES;
				CLANG_ENABLE_OBJC_ARC = YES;
				CLANG_WARN_BLOCK_CAPTURE_AUTORELEASING = YES;
				CLANG_WARN_BOOL_CONVERSION = YES;
				CLANG_WARN_COMMA = YES;
				CLANG_WARN_CONSTANT_CONVERSION = YES;
				CLANG_WARN_DIRECT_OBJC_ISA_USAGE = YES_ERROR;
				CLANG_WARN_DOCUMENTATION_COMMENTS = YES;
				CLANG_WARN_EMPTY_BODY = YES;
				CLANG_WARN_ENUM_CONVERSION = YES;
				CLANG_WARN_INFINITE_RECURSION = YES;
				CLANG_WARN_INT_CONVERSION = YES;
				CLANG_WARN_NON_LITERAL_NULL_CONVERSION = YES;
				CLANG_WARN_OBJC_LITERAL_CONVERSION = YES;
				CLANG_WARN_OBJC_ROOT_CLASS = YES_ERROR;
				CLANG_WARN_RANGE_LOOP_ANALYSIS = YES;
				CLANG_WARN_STRICT_PROTOTYPES = YES;
				CLANG_WARN_SUSPICIOUS_MOVE = YES;
				CLANG_WARN_UNGUARDED_AVAILABILITY = YES_AGGRESSIVE;
				CLANG_WARN_UNREACHABLE_CODE = YES;
				CLANG_WARN__DUPLICATE_METHOD_MATCH = YES;
				CODE_SIGN_IDENTITY = "iPhone Developer";
				COPY_PHASE_STRIP = NO;
				DEBUG_INFORMATION_FORMAT = "dwarf-with-dsym";
				ENABLE_NS_ASSERTIONS = NO;
				ENABLE_STRICT_OBJC_MSGSEND = YES;
				GCC_C_LANGUAGE_STANDARD = gnu11;
				GCC_NO_COMMON_BLOCKS = YES;
				GCC_WARN_64_TO_32_BIT_CONVERSION = YES;
				GCC_WARN_ABOUT_RETURN_TYPE = YES_ERROR;
				GCC_WARN_UNDECLARED_SELECTOR = YES;
				GCC_WARN_UNINITIALIZED_AUTOS = YES_AGGRESSIVE;
				GCC_WARN_UNUSED_FUNCTION = YES;
				GCC_WARN_UNUSED_VARIABLE = YES;
				IPHONEOS_DEPLOYMENT_TARGET = 11.0;
				MTL_ENABLE_DEBUG_INFO = NO;
				SDKROOT = iphoneos;
				VALIDATE_PRODUCT = YES;
			};
			name = Release;
		};
		043E41A91FCA40D5002A401A /* Debug */ = {
			isa = XCBuildConfiguration;
			buildSettings = {
				ASSETCATALOG_COMPILER_APPICON_NAME = AppIcon;
				CLANG_ENABLE_MODULES = YES;
				CODE_SIGN_STYLE = Automatic;
				INFOPLIST_FILE = CookieCrush/Info.plist;
				LD_RUNPATH_SEARCH_PATHS = "$(inherited) @executable_path/Frameworks";
				PRODUCT_BUNDLE_IDENTIFIER = COM.MAC.CookieCrush;
				PRODUCT_NAME = "$(TARGET_NAME)";
				SWIFT_OBJC_BRIDGING_HEADER = "CookieCrush/Model/CookieCrush-Bridging-Header.h";
				SWIFT_OPTIMIZATION_LEVEL = "-Onone";
				SWIFT_VERSION = 3.0;
				TARGETED_DEVICE_FAMILY = "1,2";
			};
			name = Debug;
		};
		043E41AA1FCA40D5002A401A /* Release */ = {
			isa = XCBuildConfiguration;
			buildSettings = {
				ASSETCATALOG_COMPILER_APPICON_NAME = AppIcon;
				CLANG_ENABLE_MODULES = YES;
				CODE_SIGN_STYLE = Automatic;
				INFOPLIST_FILE = CookieCrush/Info.plist;
				LD_RUNPATH_SEARCH_PATHS = "$(inherited) @executable_path/Frameworks";
				PRODUCT_BUNDLE_IDENTIFIER = COM.MAC.CookieCrush;
				PRODUCT_NAME = "$(TARGET_NAME)";
				SWIFT_OBJC_BRIDGING_HEADER = "CookieCrush/Model/CookieCrush-Bridging-Header.h";
				SWIFT_VERSION = 3.0;
				TARGETED_DEVICE_FAMILY = "1,2";
			};
			name = Release;
		};
/* End XCBuildConfiguration section */

/* Begin XCConfigurationList section */
		043E418A1FCA40D5002A401A /* Build configuration list for PBXProject "CookieCrush" */ = {
			isa = XCConfigurationList;
			buildConfigurations = (
				043E41A61FCA40D5002A401A /* Debug */,
				043E41A71FCA40D5002A401A /* Release */,
			);
			defaultConfigurationIsVisible = 0;
			defaultConfigurationName = Release;
		};
		043E41A81FCA40D5002A401A /* Build configuration list for PBXNativeTarget "CookieCrush" */ = {
			isa = XCConfigurationList;
			buildConfigurations = (
				043E41A91FCA40D5002A401A /* Debug */,
				043E41AA1FCA40D5002A401A /* Release */,
			);
			defaultConfigurationIsVisible = 0;
			defaultConfigurationName = Release;
		};
/* End XCConfigurationList section */

/* Begin XCVersionGroup section */
		043E419B1FCA40D5002A401A /* CookieCrush.xcdatamodeld */ = {
			isa = XCVersionGroup;
			children = (
				043E419C1FCA40D5002A401A /* CookieCrush.xcdatamodel */,
			);
			currentVersion = 043E419C1FCA40D5002A401A /* CookieCrush.xcdatamodel */;
			path = CookieCrush.xcdatamodeld;
			sourceTree = "<group>";
			versionGroupType = wrapper.xcdatamodel;
		};
/* End XCVersionGroup section */
	};
	rootObject = 043E41871FCA40D5002A401A /* Project object */;
}
